// !$*UTF8*$!
{
	archiveVersion = 1;
	classes = {
	};
	objectVersion = 55;
	objects = {

/* Begin PBXBuildFile section */
		34431C4697AA574FD685FC3E /* Pods_iosTest_iosTestUITests.framework in Frameworks */ = {isa = PBXBuildFile; fileRef = 528AB2CF17291DD7BE83D0AA /* Pods_iosTest_iosTestUITests.framework */; };
		38C63FC473CFB4C1B9789B89 /* Pods_iosTest.framework in Frameworks */ = {isa = PBXBuildFile; fileRef = 76EB82FF0119626ADF436E50 /* Pods_iosTest.framework */; };
		D40BBFD72824590500AE2758 /* AppDelegate.swift in Sources */ = {isa = PBXBuildFile; fileRef = D40BBFD62824590500AE2758 /* AppDelegate.swift */; };
		D40BBFD92824590500AE2758 /* SceneDelegate.swift in Sources */ = {isa = PBXBuildFile; fileRef = D40BBFD82824590500AE2758 /* SceneDelegate.swift */; };
		D40BBFDB2824590500AE2758 /* ViewController.swift in Sources */ = {isa = PBXBuildFile; fileRef = D40BBFDA2824590500AE2758 /* ViewController.swift */; };
		D40BBFDE2824590500AE2758 /* Main.storyboard in Resources */ = {isa = PBXBuildFile; fileRef = D40BBFDC2824590500AE2758 /* Main.storyboard */; };
		D40BBFE12824590500AE2758 /* iosTest.xcdatamodeld in Sources */ = {isa = PBXBuildFile; fileRef = D40BBFDF2824590500AE2758 /* iosTest.xcdatamodeld */; };
		D40BBFE32824590600AE2758 /* Assets.xcassets in Resources */ = {isa = PBXBuildFile; fileRef = D40BBFE22824590600AE2758 /* Assets.xcassets */; };
		D40BBFE62824590600AE2758 /* LaunchScreen.storyboard in Resources */ = {isa = PBXBuildFile; fileRef = D40BBFE42824590600AE2758 /* LaunchScreen.storyboard */; };
		D40BBFF12824590600AE2758 /* iosTestTests.swift in Sources */ = {isa = PBXBuildFile; fileRef = D40BBFF02824590600AE2758 /* iosTestTests.swift */; };
		D40BBFFB2824590600AE2758 /* iosTestUITests.swift in Sources */ = {isa = PBXBuildFile; fileRef = D40BBFFA2824590600AE2758 /* iosTestUITests.swift */; };
		D40BBFFD2824590600AE2758 /* iosTestUITestsLaunchTests.swift in Sources */ = {isa = PBXBuildFile; fileRef = D40BBFFC2824590600AE2758 /* iosTestUITestsLaunchTests.swift */; };
		D40BC00E2824645B00AE2758 /* UsersTableViewCell.swift in Sources */ = {isa = PBXBuildFile; fileRef = D40BC00D2824645B00AE2758 /* UsersTableViewCell.swift */; };
		D40BC01028246B8300AE2758 /* Users.swift in Sources */ = {isa = PBXBuildFile; fileRef = D40BC00F28246B8300AE2758 /* Users.swift */; };
		D40BC01228246CEC00AE2758 /* Posts.swift in Sources */ = {isa = PBXBuildFile; fileRef = D40BC01128246CEC00AE2758 /* Posts.swift */; };
		E0585DF8C10C185DA3ACC993 /* Pods_iosTestTests.framework in Frameworks */ = {isa = PBXBuildFile; fileRef = 41CE05572B78FC4DD5C886FC /* Pods_iosTestTests.framework */; };
/* End PBXBuildFile section */

/* Begin PBXContainerItemProxy section */
		D40BBFED2824590600AE2758 /* PBXContainerItemProxy */ = {
			isa = PBXContainerItemProxy;
			containerPortal = D40BBFCB2824590500AE2758 /* Project object */;
			proxyType = 1;
			remoteGlobalIDString = D40BBFD22824590500AE2758;
			remoteInfo = iosTest;
		};
		D40BBFF72824590600AE2758 /* PBXContainerItemProxy */ = {
			isa = PBXContainerItemProxy;
			containerPortal = D40BBFCB2824590500AE2758 /* Project object */;
			proxyType = 1;
			remoteGlobalIDString = D40BBFD22824590500AE2758;
			remoteInfo = iosTest;
		};
/* End PBXContainerItemProxy section */

/* Begin PBXFileReference section */
		167401E3BA61B821FF3A2A74 /* Pods-iosTest-iosTestUITests.debug.xcconfig */ = {isa = PBXFileReference; includeInIndex = 1; lastKnownFileType = text.xcconfig; name = "Pods-iosTest-iosTestUITests.debug.xcconfig"; path = "Target Support Files/Pods-iosTest-iosTestUITests/Pods-iosTest-iosTestUITests.debug.xcconfig"; sourceTree = "<group>"; };
		2403B71CF5015F5448778312 /* Pods-iosTestTests.release.xcconfig */ = {isa = PBXFileReference; includeInIndex = 1; lastKnownFileType = text.xcconfig; name = "Pods-iosTestTests.release.xcconfig"; path = "Target Support Files/Pods-iosTestTests/Pods-iosTestTests.release.xcconfig"; sourceTree = "<group>"; };
		29A9C7E9D3233C41100EC33A /* Pods-iosTest-iosTestUITests.release.xcconfig */ = {isa = PBXFileReference; includeInIndex = 1; lastKnownFileType = text.xcconfig; name = "Pods-iosTest-iosTestUITests.release.xcconfig"; path = "Target Support Files/Pods-iosTest-iosTestUITests/Pods-iosTest-iosTestUITests.release.xcconfig"; sourceTree = "<group>"; };
		3E73B8744A694669B58CFA5C /* Pods-iosTest.release.xcconfig */ = {isa = PBXFileReference; includeInIndex = 1; lastKnownFileType = text.xcconfig; name = "Pods-iosTest.release.xcconfig"; path = "Target Support Files/Pods-iosTest/Pods-iosTest.release.xcconfig"; sourceTree = "<group>"; };
		41CE05572B78FC4DD5C886FC /* Pods_iosTestTests.framework */ = {isa = PBXFileReference; explicitFileType = wrapper.framework; includeInIndex = 0; path = Pods_iosTestTests.framework; sourceTree = BUILT_PRODUCTS_DIR; };
		528AB2CF17291DD7BE83D0AA /* Pods_iosTest_iosTestUITests.framework */ = {isa = PBXFileReference; explicitFileType = wrapper.framework; includeInIndex = 0; path = Pods_iosTest_iosTestUITests.framework; sourceTree = BUILT_PRODUCTS_DIR; };
		76EB82FF0119626ADF436E50 /* Pods_iosTest.framework */ = {isa = PBXFileReference; explicitFileType = wrapper.framework; includeInIndex = 0; path = Pods_iosTest.framework; sourceTree = BUILT_PRODUCTS_DIR; };
		D40BBFD32824590500AE2758 /* iosTest.app */ = {isa = PBXFileReference; explicitFileType = wrapper.application; includeInIndex = 0; path = iosTest.app; sourceTree = BUILT_PRODUCTS_DIR; };
		D40BBFD62824590500AE2758 /* AppDelegate.swift */ = {isa = PBXFileReference; lastKnownFileType = sourcecode.swift; path = AppDelegate.swift; sourceTree = "<group>"; };
		D40BBFD82824590500AE2758 /* SceneDelegate.swift */ = {isa = PBXFileReference; lastKnownFileType = sourcecode.swift; path = SceneDelegate.swift; sourceTree = "<group>"; };
		D40BBFDA2824590500AE2758 /* ViewController.swift */ = {isa = PBXFileReference; lastKnownFileType = sourcecode.swift; path = ViewController.swift; sourceTree = "<group>"; };
		D40BBFDD2824590500AE2758 /* Base */ = {isa = PBXFileReference; lastKnownFileType = file.storyboard; name = Base; path = Base.lproj/Main.storyboard; sourceTree = "<group>"; };
		D40BBFE02824590500AE2758 /* iosTest.xcdatamodel */ = {isa = PBXFileReference; lastKnownFileType = wrapper.xcdatamodel; path = iosTest.xcdatamodel; sourceTree = "<group>"; };
		D40BBFE22824590600AE2758 /* Assets.xcassets */ = {isa = PBXFileReference; lastKnownFileType = folder.assetcatalog; path = Assets.xcassets; sourceTree = "<group>"; };
		D40BBFE52824590600AE2758 /* Base */ = {isa = PBXFileReference; lastKnownFileType = file.storyboard; name = Base; path = Base.lproj/LaunchScreen.storyboard; sourceTree = "<group>"; };
		D40BBFE72824590600AE2758 /* Info.plist */ = {isa = PBXFileReference; lastKnownFileType = text.plist.xml; path = Info.plist; sourceTree = "<group>"; };
		D40BBFEC2824590600AE2758 /* iosTestTests.xctest */ = {isa = PBXFileReference; explicitFileType = wrapper.cfbundle; includeInIndex = 0; path = iosTestTests.xctest; sourceTree = BUILT_PRODUCTS_DIR; };
		D40BBFF02824590600AE2758 /* iosTestTests.swift */ = {isa = PBXFileReference; lastKnownFileType = sourcecode.swift; path = iosTestTests.swift; sourceTree = "<group>"; };
		D40BBFF62824590600AE2758 /* iosTestUITests.xctest */ = {isa = PBXFileReference; explicitFileType = wrapper.cfbundle; includeInIndex = 0; path = iosTestUITests.xctest; sourceTree = BUILT_PRODUCTS_DIR; };
		D40BBFFA2824590600AE2758 /* iosTestUITests.swift */ = {isa = PBXFileReference; lastKnownFileType = sourcecode.swift; path = iosTestUITests.swift; sourceTree = "<group>"; };
		D40BBFFC2824590600AE2758 /* iosTestUITestsLaunchTests.swift */ = {isa = PBXFileReference; lastKnownFileType = sourcecode.swift; path = iosTestUITestsLaunchTests.swift; sourceTree = "<group>"; };
		D40BC00D2824645B00AE2758 /* UsersTableViewCell.swift */ = {isa = PBXFileReference; lastKnownFileType = sourcecode.swift; path = UsersTableViewCell.swift; sourceTree = "<group>"; };
		D40BC00F28246B8300AE2758 /* Users.swift */ = {isa = PBXFileReference; lastKnownFileType = sourcecode.swift; path = Users.swift; sourceTree = "<group>"; };
		D40BC01128246CEC00AE2758 /* Posts.swift */ = {isa = PBXFileReference; lastKnownFileType = sourcecode.swift; path = Posts.swift; sourceTree = "<group>"; };
		D5FEA46FB63F84FD40C1A078 /* Pods-iosTestTests.debug.xcconfig */ = {isa = PBXFileReference; includeInIndex = 1; lastKnownFileType = text.xcconfig; name = "Pods-iosTestTests.debug.xcconfig"; path = "Target Support Files/Pods-iosTestTests/Pods-iosTestTests.debug.xcconfig"; sourceTree = "<group>"; };
		E2811AC8FF3A60B4F93FF3B8 /* Pods-iosTest.debug.xcconfig */ = {isa = PBXFileReference; includeInIndex = 1; lastKnownFileType = text.xcconfig; name = "Pods-iosTest.debug.xcconfig"; path = "Target Support Files/Pods-iosTest/Pods-iosTest.debug.xcconfig"; sourceTree = "<group>"; };
/* End PBXFileReference section */

/* Begin PBXFrameworksBuildPhase section */
		D40BBFD02824590500AE2758 /* Frameworks */ = {
			isa = PBXFrameworksBuildPhase;
			buildActionMask = 2147483647;
			files = (
				38C63FC473CFB4C1B9789B89 /* Pods_iosTest.framework in Frameworks */,
			);
			runOnlyForDeploymentPostprocessing = 0;
		};
		D40BBFE92824590600AE2758 /* Frameworks */ = {
			isa = PBXFrameworksBuildPhase;
			buildActionMask = 2147483647;
			files = (
				E0585DF8C10C185DA3ACC993 /* Pods_iosTestTests.framework in Frameworks */,
			);
			runOnlyForDeploymentPostprocessing = 0;
		};
		D40BBFF32824590600AE2758 /* Frameworks */ = {
			isa = PBXFrameworksBuildPhase;
			buildActionMask = 2147483647;
			files = (
				34431C4697AA574FD685FC3E /* Pods_iosTest_iosTestUITests.framework in Frameworks */,
			);
			runOnlyForDeploymentPostprocessing = 0;
		};
/* End PBXFrameworksBuildPhase section */

/* Begin PBXGroup section */
		45E1413AC655E56945CEDC02 /* Pods */ = {
			isa = PBXGroup;
			children = (
				E2811AC8FF3A60B4F93FF3B8 /* Pods-iosTest.debug.xcconfig */,
				3E73B8744A694669B58CFA5C /* Pods-iosTest.release.xcconfig */,
				167401E3BA61B821FF3A2A74 /* Pods-iosTest-iosTestUITests.debug.xcconfig */,
				29A9C7E9D3233C41100EC33A /* Pods-iosTest-iosTestUITests.release.xcconfig */,
				D5FEA46FB63F84FD40C1A078 /* Pods-iosTestTests.debug.xcconfig */,
				2403B71CF5015F5448778312 /* Pods-iosTestTests.release.xcconfig */,
			);
			path = Pods;
			sourceTree = "<group>";
		};
		52C24B8B82EA859A4607C819 /* Frameworks */ = {
			isa = PBXGroup;
			children = (
				76EB82FF0119626ADF436E50 /* Pods_iosTest.framework */,
				528AB2CF17291DD7BE83D0AA /* Pods_iosTest_iosTestUITests.framework */,
				41CE05572B78FC4DD5C886FC /* Pods_iosTestTests.framework */,
			);
			name = Frameworks;
			sourceTree = "<group>";
		};
		D40BBFCA2824590500AE2758 = {
			isa = PBXGroup;
			children = (
				D40BBFD52824590500AE2758 /* iosTest */,
				D40BBFEF2824590600AE2758 /* iosTestTests */,
				D40BBFF92824590600AE2758 /* iosTestUITests */,
				D40BBFD42824590500AE2758 /* Products */,
				45E1413AC655E56945CEDC02 /* Pods */,
				52C24B8B82EA859A4607C819 /* Frameworks */,
			);
			sourceTree = "<group>";
		};
		D40BBFD42824590500AE2758 /* Products */ = {
			isa = PBXGroup;
			children = (
				D40BBFD32824590500AE2758 /* iosTest.app */,
				D40BBFEC2824590600AE2758 /* iosTestTests.xctest */,
				D40BBFF62824590600AE2758 /* iosTestUITests.xctest */,
			);
			name = Products;
			sourceTree = "<group>";
		};
		D40BBFD52824590500AE2758 /* iosTest */ = {
			isa = PBXGroup;
			children = (
				D452A90B2824AA69002AC3CD /* Core */,
				D40BC00C28245C5200AE2758 /* Utils */,
				D40BC00B28245C4800AE2758 /* Models */,
				D40BC00A28245C4100AE2758 /* Controller */,
				D40BC00928245C3800AE2758 /* View */,
				D40BBFD62824590500AE2758 /* AppDelegate.swift */,
				D40BBFD82824590500AE2758 /* SceneDelegate.swift */,
				D40BBFDA2824590500AE2758 /* ViewController.swift */,
				D40BBFDC2824590500AE2758 /* Main.storyboard */,
				D40BBFE22824590600AE2758 /* Assets.xcassets */,
				D40BBFE42824590600AE2758 /* LaunchScreen.storyboard */,
				D40BBFE72824590600AE2758 /* Info.plist */,
				D40BBFDF2824590500AE2758 /* iosTest.xcdatamodeld */,
			);
			path = iosTest;
			sourceTree = "<group>";
		};
		D40BBFEF2824590600AE2758 /* iosTestTests */ = {
			isa = PBXGroup;
			children = (
				D40BBFF02824590600AE2758 /* iosTestTests.swift */,
			);
			path = iosTestTests;
			sourceTree = "<group>";
		};
		D40BBFF92824590600AE2758 /* iosTestUITests */ = {
			isa = PBXGroup;
			children = (
				D40BBFFA2824590600AE2758 /* iosTestUITests.swift */,
				D40BBFFC2824590600AE2758 /* iosTestUITestsLaunchTests.swift */,
			);
			path = iosTestUITests;
			sourceTree = "<group>";
		};
		D40BC00928245C3800AE2758 /* View */ = {
			isa = PBXGroup;
			children = (
			);
			path = View;
			sourceTree = "<group>";
		};
		D40BC00A28245C4100AE2758 /* Controller */ = {
			isa = PBXGroup;
			children = (
				D40BC00D2824645B00AE2758 /* UsersTableViewCell.swift */,
			);
			path = Controller;
			sourceTree = "<group>";
		};
		D40BC00B28245C4800AE2758 /* Models */ = {
			isa = PBXGroup;
			children = (
				D40BC00F28246B8300AE2758 /* Users.swift */,
				D40BC01128246CEC00AE2758 /* Posts.swift */,
			);
			path = Models;
			sourceTree = "<group>";
		};
		D40BC00C28245C5200AE2758 /* Utils */ = {
			isa = PBXGroup;
			children = (
			);
			path = Utils;
			sourceTree = "<group>";
		};
		D452A90B2824AA69002AC3CD /* Core */ = {
			isa = PBXGroup;
			children = (
			);
			path = Core;
			sourceTree = "<group>";
		};
/* End PBXGroup section */

/* Begin PBXNativeTarget section */
		D40BBFD22824590500AE2758 /* iosTest */ = {
			isa = PBXNativeTarget;
			buildConfigurationList = D40BC0002824590600AE2758 /* Build configuration list for PBXNativeTarget "iosTest" */;
			buildPhases = (
				C90DEDABB0D23A1179C75B75 /* [CP] Check Pods Manifest.lock */,
				D40BBFCF2824590500AE2758 /* Sources */,
				D40BBFD02824590500AE2758 /* Frameworks */,
				D40BBFD12824590500AE2758 /* Resources */,
				C3309E2AC904686F5F23F456 /* [CP] Embed Pods Frameworks */,
			);
			buildRules = (
			);
			dependencies = (
			);
			name = iosTest;
			productName = iosTest;
			productReference = D40BBFD32824590500AE2758 /* iosTest.app */;
			productType = "com.apple.product-type.application";
		};
		D40BBFEB2824590600AE2758 /* iosTestTests */ = {
			isa = PBXNativeTarget;
			buildConfigurationList = D40BC0032824590600AE2758 /* Build configuration list for PBXNativeTarget "iosTestTests" */;
			buildPhases = (
				2D7D6E190B92A6A91BC6493A /* [CP] Check Pods Manifest.lock */,
				D40BBFE82824590600AE2758 /* Sources */,
				D40BBFE92824590600AE2758 /* Frameworks */,
				D40BBFEA2824590600AE2758 /* Resources */,
			);
			buildRules = (
			);
			dependencies = (
				D40BBFEE2824590600AE2758 /* PBXTargetDependency */,
			);
			name = iosTestTests;
			productName = iosTestTests;
			productReference = D40BBFEC2824590600AE2758 /* iosTestTests.xctest */;
			productType = "com.apple.product-type.bundle.unit-test";
		};
		D40BBFF52824590600AE2758 /* iosTestUITests */ = {
			isa = PBXNativeTarget;
			buildConfigurationList = D40BC0062824590600AE2758 /* Build configuration list for PBXNativeTarget "iosTestUITests" */;
			buildPhases = (
				4F6ACD08E5FBD8907BDFF4E1 /* [CP] Check Pods Manifest.lock */,
				D40BBFF22824590600AE2758 /* Sources */,
				D40BBFF32824590600AE2758 /* Frameworks */,
				D40BBFF42824590600AE2758 /* Resources */,
				017B0A1D8A9F8218923C3F84 /* [CP] Embed Pods Frameworks */,
			);
			buildRules = (
			);
			dependencies = (
				D40BBFF82824590600AE2758 /* PBXTargetDependency */,
			);
			name = iosTestUITests;
			productName = iosTestUITests;
			productReference = D40BBFF62824590600AE2758 /* iosTestUITests.xctest */;
			productType = "com.apple.product-type.bundle.ui-testing";
		};
/* End PBXNativeTarget section */

/* Begin PBXProject section */
		D40BBFCB2824590500AE2758 /* Project object */ = {
			isa = PBXProject;
			attributes = {
				BuildIndependentTargetsInParallel = 1;
				LastSwiftUpdateCheck = 1320;
				LastUpgradeCheck = 1320;
				TargetAttributes = {
					D40BBFD22824590500AE2758 = {
						CreatedOnToolsVersion = 13.2.1;
					};
					D40BBFEB2824590600AE2758 = {
						CreatedOnToolsVersion = 13.2.1;
						TestTargetID = D40BBFD22824590500AE2758;
					};
					D40BBFF52824590600AE2758 = {
						CreatedOnToolsVersion = 13.2.1;
						TestTargetID = D40BBFD22824590500AE2758;
					};
				};
			};
			buildConfigurationList = D40BBFCE2824590500AE2758 /* Build configuration list for PBXProject "iosTest" */;
			compatibilityVersion = "Xcode 13.0";
			developmentRegion = en;
			hasScannedForEncodings = 0;
			knownRegions = (
				en,
				Base,
			);
			mainGroup = D40BBFCA2824590500AE2758;
			productRefGroup = D40BBFD42824590500AE2758 /* Products */;
			projectDirPath = "";
			projectRoot = "";
			targets = (
				D40BBFD22824590500AE2758 /* iosTest */,
				D40BBFEB2824590600AE2758 /* iosTestTests */,
				D40BBFF52824590600AE2758 /* iosTestUITests */,
			);
		};
/* End PBXProject section */

/* Begin PBXResourcesBuildPhase section */
		D40BBFD12824590500AE2758 /* Resources */ = {
			isa = PBXResourcesBuildPhase;
			buildActionMask = 2147483647;
			files = (
				D40BBFE62824590600AE2758 /* LaunchScreen.storyboard in Resources */,
				D40BBFE32824590600AE2758 /* Assets.xcassets in Resources */,
				D40BBFDE2824590500AE2758 /* Main.storyboard in Resources */,
			);
			runOnlyForDeploymentPostprocessing = 0;
		};
		D40BBFEA2824590600AE2758 /* Resources */ = {
			isa = PBXResourcesBuildPhase;
			buildActionMask = 2147483647;
			files = (
			);
			runOnlyForDeploymentPostprocessing = 0;
		};
		D40BBFF42824590600AE2758 /* Resources */ = {
			isa = PBXResourcesBuildPhase;
			buildActionMask = 2147483647;
			files = (
			);
			runOnlyForDeploymentPostprocessing = 0;
		};
/* End PBXResourcesBuildPhase section */

/* Begin PBXShellScriptBuildPhase section */
		017B0A1D8A9F8218923C3F84 /* [CP] Embed Pods Frameworks */ = {
			isa = PBXShellScriptBuildPhase;
			buildActionMask = 2147483647;
			files = (
			);
			inputFileListPaths = (
				"${PODS_ROOT}/Target Support Files/Pods-iosTest-iosTestUITests/Pods-iosTest-iosTestUITests-frameworks-${CONFIGURATION}-input-files.xcfilelist",
			);
			name = "[CP] Embed Pods Frameworks";
			outputFileListPaths = (
				"${PODS_ROOT}/Target Support Files/Pods-iosTest-iosTestUITests/Pods-iosTest-iosTestUITests-frameworks-${CONFIGURATION}-output-files.xcfilelist",
			);
			runOnlyForDeploymentPostprocessing = 0;
			shellPath = /bin/sh;
			shellScript = "\"${PODS_ROOT}/Target Support Files/Pods-iosTest-iosTestUITests/Pods-iosTest-iosTestUITests-frameworks.sh\"\n";
			showEnvVarsInLog = 0;
		};
		2D7D6E190B92A6A91BC6493A /* [CP] Check Pods Manifest.lock */ = {
			isa = PBXShellScriptBuildPhase;
			buildActionMask = 2147483647;
			files = (
			);
			inputFileListPaths = (
			);
			inputPaths = (
				"${PODS_PODFILE_DIR_PATH}/Podfile.lock",
				"${PODS_ROOT}/Manifest.lock",
			);
			name = "[CP] Check Pods Manifest.lock";
			outputFileListPaths = (
			);
			outputPaths = (
				"$(DERIVED_FILE_DIR)/Pods-iosTestTests-checkManifestLockResult.txt",
			);
			runOnlyForDeploymentPostprocessing = 0;
			shellPath = /bin/sh;
			shellScript = "diff \"${PODS_PODFILE_DIR_PATH}/Podfile.lock\" \"${PODS_ROOT}/Manifest.lock\" > /dev/null\nif [ $? != 0 ] ; then\n    # print error to STDERR\n    echo \"error: The sandbox is not in sync with the Podfile.lock. Run 'pod install' or update your CocoaPods installation.\" >&2\n    exit 1\nfi\n# This output is used by Xcode 'outputs' to avoid re-running this script phase.\necho \"SUCCESS\" > \"${SCRIPT_OUTPUT_FILE_0}\"\n";
			showEnvVarsInLog = 0;
		};
		4F6ACD08E5FBD8907BDFF4E1 /* [CP] Check Pods Manifest.lock */ = {
			isa = PBXShellScriptBuildPhase;
			buildActionMask = 2147483647;
			files = (
			);
			inputFileListPaths = (
			);
			inputPaths = (
				"${PODS_PODFILE_DIR_PATH}/Podfile.lock",
				"${PODS_ROOT}/Manifest.lock",
			);
			name = "[CP] Check Pods Manifest.lock";
			outputFileListPaths = (
			);
			outputPaths = (
				"$(DERIVED_FILE_DIR)/Pods-iosTest-iosTestUITests-checkManifestLockResult.txt",
			);
			runOnlyForDeploymentPostprocessing = 0;
			shellPath = /bin/sh;
			shellScript = "diff \"${PODS_PODFILE_DIR_PATH}/Podfile.lock\" \"${PODS_ROOT}/Manifest.lock\" > /dev/null\nif [ $? != 0 ] ; then\n    # print error to STDERR\n    echo \"error: The sandbox is not in sync with the Podfile.lock. Run 'pod install' or update your CocoaPods installation.\" >&2\n    exit 1\nfi\n# This output is used by Xcode 'outputs' to avoid re-running this script phase.\necho \"SUCCESS\" > \"${SCRIPT_OUTPUT_FILE_0}\"\n";
			showEnvVarsInLog = 0;
		};
		C3309E2AC904686F5F23F456 /* [CP] Embed Pods Frameworks */ = {
			isa = PBXShellScriptBuildPhase;
			buildActionMask = 2147483647;
			files = (
			);
			inputFileListPaths = (
				"${PODS_ROOT}/Target Support Files/Pods-iosTest/Pods-iosTest-frameworks-${CONFIGURATION}-input-files.xcfilelist",
			);
			name = "[CP] Embed Pods Frameworks";
			outputFileListPaths = (
				"${PODS_ROOT}/Target Support Files/Pods-iosTest/Pods-iosTest-frameworks-${CONFIGURATION}-output-files.xcfilelist",
			);
			runOnlyForDeploymentPostprocessing = 0;
			shellPath = /bin/sh;
			shellScript = "\"${PODS_ROOT}/Target Support Files/Pods-iosTest/Pods-iosTest-frameworks.sh\"\n";
			showEnvVarsInLog = 0;
		};
		C90DEDABB0D23A1179C75B75 /* [CP] Check Pods Manifest.lock */ = {
			isa = PBXShellScriptBuildPhase;
			buildActionMask = 2147483647;
			files = (
			);
			inputFileListPaths = (
			);
			inputPaths = (
				"${PODS_PODFILE_DIR_PATH}/Podfile.lock",
				"${PODS_ROOT}/Manifest.lock",
			);
			name = "[CP] Check Pods Manifest.lock";
			outputFileListPaths = (
			);
			outputPaths = (
				"$(DERIVED_FILE_DIR)/Pods-iosTest-checkManifestLockResult.txt",
			);
			runOnlyForDeploymentPostprocessing = 0;
			shellPath = /bin/sh;
			shellScript = "diff \"${PODS_PODFILE_DIR_PATH}/Podfile.lock\" \"${PODS_ROOT}/Manifest.lock\" > /dev/null\nif [ $? != 0 ] ; then\n    # print error to STDERR\n    echo \"error: The sandbox is not in sync with the Podfile.lock. Run 'pod install' or update your CocoaPods installation.\" >&2\n    exit 1\nfi\n# This output is used by Xcode 'outputs' to avoid re-running this script phase.\necho \"SUCCESS\" > \"${SCRIPT_OUTPUT_FILE_0}\"\n";
			showEnvVarsInLog = 0;
		};
/* End PBXShellScriptBuildPhase section */

/* Begin PBXSourcesBuildPhase section */
		D40BBFCF2824590500AE2758 /* Sources */ = {
			isa = PBXSourcesBuildPhase;
			buildActionMask = 2147483647;
			files = (
				D40BBFDB2824590500AE2758 /* ViewController.swift in Sources */,
				D40BC01228246CEC00AE2758 /* Posts.swift in Sources */,
				D40BBFD72824590500AE2758 /* AppDelegate.swift in Sources */,
				D40BBFD92824590500AE2758 /* SceneDelegate.swift in Sources */,
				D40BBFE12824590500AE2758 /* iosTest.xcdatamodeld in Sources */,
				D40BC01028246B8300AE2758 /* Users.swift in Sources */,
				D40BC00E2824645B00AE2758 /* UsersTableViewCell.swift in Sources */,
			);
			runOnlyForDeploymentPostprocessing = 0;
		};
		D40BBFE82824590600AE2758 /* Sources */ = {
			isa = PBXSourcesBuildPhase;
			buildActionMask = 2147483647;
			files = (
				D40BBFF12824590600AE2758 /* iosTestTests.swift in Sources */,
			);
			runOnlyForDeploymentPostprocessing = 0;
		};
		D40BBFF22824590600AE2758 /* Sources */ = {
			isa = PBXSourcesBuildPhase;
			buildActionMask = 2147483647;
			files = (
				D40BBFFD2824590600AE2758 /* iosTestUITestsLaunchTests.swift in Sources */,
				D40BBFFB2824590600AE2758 /* iosTestUITests.swift in Sources */,
			);
			runOnlyForDeploymentPostprocessing = 0;
		};
/* End PBXSourcesBuildPhase section */

/* Begin PBXTargetDependency section */
		D40BBFEE2824590600AE2758 /* PBXTargetDependency */ = {
			isa = PBXTargetDependency;
			target = D40BBFD22824590500AE2758 /* iosTest */;
			targetProxy = D40BBFED2824590600AE2758 /* PBXContainerItemProxy */;
		};
		D40BBFF82824590600AE2758 /* PBXTargetDependency */ = {
			isa = PBXTargetDependency;
			target = D40BBFD22824590500AE2758 /* iosTest */;
			targetProxy = D40BBFF72824590600AE2758 /* PBXContainerItemProxy */;
		};
/* End PBXTargetDependency section */

/* Begin PBXVariantGroup section */
		D40BBFDC2824590500AE2758 /* Main.storyboard */ = {
			isa = PBXVariantGroup;
			children = (
				D40BBFDD2824590500AE2758 /* Base */,
			);
			name = Main.storyboard;
			sourceTree = "<group>";
		};
		D40BBFE42824590600AE2758 /* LaunchScreen.storyboard */ = {
			isa = PBXVariantGroup;
			children = (
				D40BBFE52824590600AE2758 /* Base */,
			);
			name = LaunchScreen.storyboard;
			sourceTree = "<group>";
		};
/* End PBXVariantGroup section */

/* Begin XCBuildConfiguration section */
		D40BBFFE2824590600AE2758 /* Debug */ = {
			isa = XCBuildConfiguration;
			buildSettings = {
				ALWAYS_SEARCH_USER_PATHS = NO;
				CLANG_ANALYZER_NONNULL = YES;
				CLANG_ANALYZER_NUMBER_OBJECT_CONVERSION = YES_AGGRESSIVE;
				CLANG_CXX_LANGUAGE_STANDARD = "gnu++17";
				CLANG_CXX_LIBRARY = "libc++";
				CLANG_ENABLE_MODULES = YES;
				CLANG_ENABLE_OBJC_ARC = YES;
				CLANG_ENABLE_OBJC_WEAK = YES;
				CLANG_WARN_BLOCK_CAPTURE_AUTORELEASING = YES;
				CLANG_WARN_BOOL_CONVERSION = YES;
				CLANG_WARN_COMMA = YES;
				CLANG_WARN_CONSTANT_CONVERSION = YES;
				CLANG_WARN_DEPRECATED_OBJC_IMPLEMENTATIONS = YES;
				CLANG_WARN_DIRECT_OBJC_ISA_USAGE = YES_ERROR;
				CLANG_WARN_DOCUMENTATION_COMMENTS = YES;
				CLANG_WARN_EMPTY_BODY = YES;
				CLANG_WARN_ENUM_CONVERSION = YES;
				CLANG_WARN_INFINITE_RECURSION = YES;
				CLANG_WARN_INT_CONVERSION = YES;
				CLANG_WARN_NON_LITERAL_NULL_CONVERSION = YES;
				CLANG_WARN_OBJC_IMPLICIT_RETAIN_SELF = YES;
				CLANG_WARN_OBJC_LITERAL_CONVERSION = YES;
				CLANG_WARN_OBJC_ROOT_CLASS = YES_ERROR;
				CLANG_WARN_QUOTED_INCLUDE_IN_FRAMEWORK_HEADER = YES;
				CLANG_WARN_RANGE_LOOP_ANALYSIS = YES;
				CLANG_WARN_STRICT_PROTOTYPES = YES;
				CLANG_WARN_SUSPICIOUS_MOVE = YES;
				CLANG_WARN_UNGUARDED_AVAILABILITY = YES_AGGRESSIVE;
				CLANG_WARN_UNREACHABLE_CODE = YES;
				CLANG_WARN__DUPLICATE_METHOD_MATCH = YES;
				COPY_PHASE_STRIP = NO;
				DEBUG_INFORMATION_FORMAT = dwarf;
				ENABLE_STRICT_OBJC_MSGSEND = YES;
				ENABLE_TESTABILITY = YES;
				GCC_C_LANGUAGE_STANDARD = gnu11;
				GCC_DYNAMIC_NO_PIC = NO;
				GCC_NO_COMMON_BLOCKS = YES;
				GCC_OPTIMIZATION_LEVEL = 0;
				GCC_PREPROCESSOR_DEFINITIONS = (
					"DEBUG=1",
					"$(inherited)",
				);
				GCC_WARN_64_TO_32_BIT_CONVERSION = YES;
				GCC_WARN_ABOUT_RETURN_TYPE = YES_ERROR;
				GCC_WARN_UNDECLARED_SELECTOR = YES;
				GCC_WARN_UNINITIALIZED_AUTOS = YES_AGGRESSIVE;
				GCC_WARN_UNUSED_FUNCTION = YES;
				GCC_WARN_UNUSED_VARIABLE = YES;
				IPHONEOS_DEPLOYMENT_TARGET = 15.2;
				MTL_ENABLE_DEBUG_INFO = INCLUDE_SOURCE;
				MTL_FAST_MATH = YES;
				ONLY_ACTIVE_ARCH = YES;
				SDKROOT = iphoneos;
				SWIFT_ACTIVE_COMPILATION_CONDITIONS = DEBUG;
				SWIFT_OPTIMIZATION_LEVEL = "-Onone";
			};
			name = Debug;
		};
		D40BBFFF2824590600AE2758 /* Release */ = {
			isa = XCBuildConfiguration;
			buildSettings = {
				ALWAYS_SEARCH_USER_PATHS = NO;
				CLANG_ANALYZER_NONNULL = YES;
				CLANG_ANALYZER_NUMBER_OBJECT_CONVERSION = YES_AGGRESSIVE;
				CLANG_CXX_LANGUAGE_STANDARD = "gnu++17";
				CLANG_CXX_LIBRARY = "libc++";
				CLANG_ENABLE_MODULES = YES;
				CLANG_ENABLE_OBJC_ARC = YES;
				CLANG_ENABLE_OBJC_WEAK = YES;
				CLANG_WARN_BLOCK_CAPTURE_AUTORELEASING = YES;
				CLANG_WARN_BOOL_CONVERSION = YES;
				CLANG_WARN_COMMA = YES;
				CLANG_WARN_CONSTANT_CONVERSION = YES;
				CLANG_WARN_DEPRECATED_OBJC_IMPLEMENTATIONS = YES;
				CLANG_WARN_DIRECT_OBJC_ISA_USAGE = YES_ERROR;
				CLANG_WARN_DOCUMENTATION_COMMENTS = YES;
				CLANG_WARN_EMPTY_BODY = YES;
				CLANG_WARN_ENUM_CONVERSION = YES;
				CLANG_WARN_INFINITE_RECURSION = YES;
				CLANG_WARN_INT_CONVERSION = YES;
				CLANG_WARN_NON_LITERAL_NULL_CONVERSION = YES;
				CLANG_WARN_OBJC_IMPLICIT_RETAIN_SELF = YES;
				CLANG_WARN_OBJC_LITERAL_CONVERSION = YES;
				CLANG_WARN_OBJC_ROOT_CLASS = YES_ERROR;
				CLANG_WARN_QUOTED_INCLUDE_IN_FRAMEWORK_HEADER = YES;
				CLANG_WARN_RANGE_LOOP_ANALYSIS = YES;
				CLANG_WARN_STRICT_PROTOTYPES = YES;
				CLANG_WARN_SUSPICIOUS_MOVE = YES;
				CLANG_WARN_UNGUARDED_AVAILABILITY = YES_AGGRESSIVE;
				CLANG_WARN_UNREACHABLE_CODE = YES;
				CLANG_WARN__DUPLICATE_METHOD_MATCH = YES;
				COPY_PHASE_STRIP = NO;
				DEBUG_INFORMATION_FORMAT = "dwarf-with-dsym";
				ENABLE_NS_ASSERTIONS = NO;
				ENABLE_STRICT_OBJC_MSGSEND = YES;
				GCC_C_LANGUAGE_STANDARD = gnu11;
				GCC_NO_COMMON_BLOCKS = YES;
				GCC_WARN_64_TO_32_BIT_CONVERSION = YES;
				GCC_WARN_ABOUT_RETURN_TYPE = YES_ERROR;
				GCC_WARN_UNDECLARED_SELECTOR = YES;
				GCC_WARN_UNINITIALIZED_AUTOS = YES_AGGRESSIVE;
				GCC_WARN_UNUSED_FUNCTION = YES;
				GCC_WARN_UNUSED_VARIABLE = YES;
				IPHONEOS_DEPLOYMENT_TARGET = 15.2;
				MTL_ENABLE_DEBUG_INFO = NO;
				MTL_FAST_MATH = YES;
				SDKROOT = iphoneos;
				SWIFT_COMPILATION_MODE = wholemodule;
				SWIFT_OPTIMIZATION_LEVEL = "-O";
				VALIDATE_PRODUCT = YES;
			};
			name = Release;
		};
		D40BC0012824590600AE2758 /* Debug */ = {
			isa = XCBuildConfiguration;
			baseConfigurationReference = E2811AC8FF3A60B4F93FF3B8 /* Pods-iosTest.debug.xcconfig */;
			buildSettings = {
				ASSETCATALOG_COMPILER_APPICON_NAME = AppIcon;
				ASSETCATALOG_COMPILER_GLOBAL_ACCENT_COLOR_NAME = AccentColor;
				CODE_SIGN_STYLE = Automatic;
				CURRENT_PROJECT_VERSION = 1;
				DEVELOPMENT_TEAM = 297E733UYC;
				GENERATE_INFOPLIST_FILE = YES;
				INFOPLIST_FILE = iosTest/Info.plist;
				INFOPLIST_KEY_UIApplicationSupportsIndirectInputEvents = YES;
				INFOPLIST_KEY_UILaunchStoryboardName = LaunchScreen;
				INFOPLIST_KEY_UIMainStoryboardFile = Main;
				INFOPLIST_KEY_UISupportedInterfaceOrientations_iPad = "UIInterfaceOrientationPortrait UIInterfaceOrientationPortraitUpsideDown UIInterfaceOrientationLandscapeLeft UIInterfaceOrientationLandscapeRight";
				INFOPLIST_KEY_UISupportedInterfaceOrientations_iPhone = "UIInterfaceOrientationPortrait UIInterfaceOrientationLandscapeLeft UIInterfaceOrientationLandscapeRight";
				LD_RUNPATH_SEARCH_PATHS = (
					"$(inherited)",
					"@executable_path/Frameworks",
				);
				MARKETING_VERSION = 1.0;
				PRODUCT_BUNDLE_IDENTIFIER = mendez.iosTest;
				PRODUCT_NAME = "$(TARGET_NAME)";
				SWIFT_EMIT_LOC_STRINGS = YES;
				SWIFT_VERSION = 5.0;
				TARGETED_DEVICE_FAMILY = "1,2";
			};
			name = Debug;
		};
		D40BC0022824590600AE2758 /* Release */ = {
			isa = XCBuildConfiguration;
			baseConfigurationReference = 3E73B8744A694669B58CFA5C /* Pods-iosTest.release.xcconfig */;
			buildSettings = {
				ASSETCATALOG_COMPILER_APPICON_NAME = AppIcon;
				ASSETCATALOG_COMPILER_GLOBAL_ACCENT_COLOR_NAME = AccentColor;
				CODE_SIGN_STYLE = Automatic;
				CURRENT_PROJECT_VERSION = 1;
				DEVELOPMENT_TEAM = 297E733UYC;
				GENERATE_INFOPLIST_FILE = YES;
				INFOPLIST_FILE = iosTest/Info.plist;
				INFOPLIST_KEY_UIApplicationSupportsIndirectInputEvents = YES;
				INFOPLIST_KEY_UILaunchStoryboardName = LaunchScreen;
				INFOPLIST_KEY_UIMainStoryboardFile = Main;
				INFOPLIST_KEY_UISupportedInterfaceOrientations_iPad = "UIInterfaceOrientationPortrait UIInterfaceOrientationPortraitUpsideDown UIInterfaceOrientationLandscapeLeft UIInterfaceOrientationLandscapeRight";
				INFOPLIST_KEY_UISupportedInterfaceOrientations_iPhone = "UIInterfaceOrientationPortrait UIInterfaceOrientationLandscapeLeft UIInterfaceOrientationLandscapeRight";
				LD_RUNPATH_SEARCH_PATHS = (
					"$(inherited)",
					"@executable_path/Frameworks",
				);
				MARKETING_VERSION = 1.0;
				PRODUCT_BUNDLE_IDENTIFIER = mendez.iosTest;
				PRODUCT_NAME = "$(TARGET_NAME)";
				SWIFT_EMIT_LOC_STRINGS = YES;
				SWIFT_VERSION = 5.0;
				TARGETED_DEVICE_FAMILY = "1,2";
			};
			name = Release;
		};
		D40BC0042824590600AE2758 /* Debug */ = {
			isa = XCBuildConfiguration;
			baseConfigurationReference = D5FEA46FB63F84FD40C1A078 /* Pods-iosTestTests.debug.xcconfig */;
			buildSettings = {
				ALWAYS_EMBED_SWIFT_STANDARD_LIBRARIES = YES;
				BUNDLE_LOADER = "$(TEST_HOST)";
				CODE_SIGN_STYLE = Automatic;
				CURRENT_PROJECT_VERSION = 1;
				DEVELOPMENT_TEAM = 297E733UYC;
				GENERATE_INFOPLIST_FILE = YES;
				IPHONEOS_DEPLOYMENT_TARGET = 15.2;
				MARKETING_VERSION = 1.0;
				PRODUCT_BUNDLE_IDENTIFIER = mendez.iosTestTests;
				PRODUCT_NAME = "$(TARGET_NAME)";
				SWIFT_EMIT_LOC_STRINGS = NO;
				SWIFT_VERSION = 5.0;
				TARGETED_DEVICE_FAMILY = "1,2";
				TEST_HOST = "$(BUILT_PRODUCTS_DIR)/iosTest.app/iosTest";
			};
			name = Debug;
		};
		D40BC0052824590600AE2758 /* Release */ = {
			isa = XCBuildConfiguration;
			baseConfigurationReference = 2403B71CF5015F5448778312 /* Pods-iosTestTests.release.xcconfig */;
			buildSettings = {
				ALWAYS_EMBED_SWIFT_STANDARD_LIBRARIES = YES;
				BUNDLE_LOADER = "$(TEST_HOST)";
				CODE_SIGN_STYLE = Automatic;
				CURRENT_PROJECT_VERSION = 1;
				DEVELOPMENT_TEAM = 297E733UYC;
				GENERATE_INFOPLIST_FILE = YES;
				IPHONEOS_DEPLOYMENT_TARGET = 15.2;
				MARKETING_VERSION = 1.0;
				PRODUCT_BUNDLE_IDENTIFIER = mendez.iosTestTests;
				PRODUCT_NAME = "$(TARGET_NAME)";
				SWIFT_EMIT_LOC_STRINGS = NO;
				SWIFT_VERSION = 5.0;
				TARGETED_DEVICE_FAMILY = "1,2";
				TEST_HOST = "$(BUILT_PRODUCTS_DIR)/iosTest.app/iosTest";
			};
			name = Release;
		};
		D40BC0072824590600AE2758 /* Debug */ = {
			isa = XCBuildConfiguration;
			baseConfigurationReference = 167401E3BA61B821FF3A2A74 /* Pods-iosTest-iosTestUITests.debug.xcconfig */;
			buildSettings = {
				ALWAYS_EMBED_SWIFT_STANDARD_LIBRARIES = YES;
				CODE_SIGN_STYLE = Automatic;
				CURRENT_PROJECT_VERSION = 1;
				DEVELOPMENT_TEAM = 297E733UYC;
				GENERATE_INFOPLIST_FILE = YES;
				MARKETING_VERSION = 1.0;
				PRODUCT_BUNDLE_IDENTIFIER = mendez.iosTestUITests;
				PRODUCT_NAME = "$(TARGET_NAME)";
				SWIFT_EMIT_LOC_STRINGS = NO;
				SWIFT_VERSION = 5.0;
				TARGETED_DEVICE_FAMILY = "1,2";
				TEST_TARGET_NAME = iosTest;
			};
			name = Debug;
		};
		D40BC0082824590600AE2758 /* Release */ = {
			isa = XCBuildConfiguration;
			baseConfigurationReference = 29A9C7E9D3233C41100EC33A /* Pods-iosTest-iosTestUITests.release.xcconfig */;
			buildSettings = {
				ALWAYS_EMBED_SWIFT_STANDARD_LIBRARIES = YES;
				CODE_SIGN_STYLE = Automatic;
				CURRENT_PROJECT_VERSION = 1;
				DEVELOPMENT_TEAM = 297E733UYC;
				GENERATE_INFOPLIST_FILE = YES;
				MARKETING_VERSION = 1.0;
				PRODUCT_BUNDLE_IDENTIFIER = mendez.iosTestUITests;
				PRODUCT_NAME = "$(TARGET_NAME)";
				SWIFT_EMIT_LOC_STRINGS = NO;
				SWIFT_VERSION = 5.0;
				TARGETED_DEVICE_FAMILY = "1,2";
				TEST_TARGET_NAME = iosTest;
			};
			name = Release;
		};
/* End XCBuildConfiguration section */

/* Begin XCConfigurationList section */
		D40BBFCE2824590500AE2758 /* Build configuration list for PBXProject "iosTest" */ = {
			isa = XCConfigurationList;
			buildConfigurations = (
				D40BBFFE2824590600AE2758 /* Debug */,
				D40BBFFF2824590600AE2758 /* Release */,
			);
			defaultConfigurationIsVisible = 0;
			defaultConfigurationName = Release;
		};
		D40BC0002824590600AE2758 /* Build configuration list for PBXNativeTarget "iosTest" */ = {
			isa = XCConfigurationList;
			buildConfigurations = (
				D40BC0012824590600AE2758 /* Debug */,
				D40BC0022824590600AE2758 /* Release */,
			);
			defaultConfigurationIsVisible = 0;
			defaultConfigurationName = Release;
		};
		D40BC0032824590600AE2758 /* Build configuration list for PBXNativeTarget "iosTestTests" */ = {
			isa = XCConfigurationList;
			buildConfigurations = (
				D40BC0042824590600AE2758 /* Debug */,
				D40BC0052824590600AE2758 /* Release */,
			);
			defaultConfigurationIsVisible = 0;
			defaultConfigurationName = Release;
		};
		D40BC0062824590600AE2758 /* Build configuration list for PBXNativeTarget "iosTestUITests" */ = {
			isa = XCConfigurationList;
			buildConfigurations = (
				D40BC0072824590600AE2758 /* Debug */,
				D40BC0082824590600AE2758 /* Release */,
			);
			defaultConfigurationIsVisible = 0;
			defaultConfigurationName = Release;
		};
/* End XCConfigurationList section */

/* Begin XCVersionGroup section */
		D40BBFDF2824590500AE2758 /* iosTest.xcdatamodeld */ = {
			isa = XCVersionGroup;
			children = (
				D40BBFE02824590500AE2758 /* iosTest.xcdatamodel */,
			);
			currentVersion = D40BBFE02824590500AE2758 /* iosTest.xcdatamodel */;
			path = iosTest.xcdatamodeld;
			sourceTree = "<group>";
			versionGroupType = wrapper.xcdatamodel;
		};
/* End XCVersionGroup section */
	};
	rootObject = D40BBFCB2824590500AE2758 /* Project object */;
}
